
Microsoft Visual Studio Solution File, Format Version 12.00
# Visual Studio Version 17
VisualStudioVersion = 17.3.32922.545
MinimumVisualStudioVersion = 10.0.40219.1
Project("{8BC9CEB8-8B4A-11D0-8D11-00A0C91BC942}") = "BEMT", "BEMT\BEMT.vcxproj", "{1AA20123-223F-4B45-99B1-B0AAD0F29277}"
EndProject
Global
	GlobalSection(SolutionConfigurationPlatforms) = preSolution
		Debug|x64 = Debug|x64
		Debug|x86 = Debug|x86
		Release|x64 = Release|x64
		Release|x86 = Release|x86
	EndGlobalSection
	GlobalSection(ProjectConfigurationPlatforms) = postSolution
		{1AA20123-223F-4B45-99B1-B0AAD0F29277}.Debug|x64.ActiveCfg = Debug|x64
		{1AA20123-223F-4B45-99B1-B0AAD0F29277}.Debug|x64.Build.0 = Debug|x64
		{1AA20123-223F-4B45-99B1-B0AAD0F29277}.Debug|x86.ActiveCfg = Debug|Win32
		{1AA20123-223F-4B45-99B1-B0AAD0F29277}.Debug|x86.Build.0 = Debug|Win32
		{1AA20123-223F-4B45-99B1-B0AAD0F29277}.Release|x64.ActiveCfg = Release|x64
		{1AA20123-223F-4B45-99B1-B0AAD0F29277}.Release|x64.Build.0 = Release|x64
		{1AA20123-223F-4B45-99B1-B0AAD0F29277}.Release|x86.ActiveCfg = Release|Win32
		{1AA20123-223F-4B45-99B1-B0AAD0F29277}.Release|x86.Build.0 = Release|Win32
	EndGlobalSection
	GlobalSection(SolutionProperties) = preSolution
		HideSolutionNode = FALSE
	EndGlobalSection
	GlobalSection(ExtensibilityGlobals) = postSolution
		SolutionGuid = {7DCF53E0-8BB1-4F27-90FD-B81BBF8CCED3}
	EndGlobalSection
EndGlobal
